
Microsoft Visual Studio Solution File, Format Version 12.00
# Visual Studio Version 17
VisualStudioVersion = 17.0.31903.59
MinimumVisualStudioVersion = 10.0.40219.1
Project("{2150E333-8FDC-42A3-9474-1A3956D46DE8}") = "samples", "samples", "{8D4A2D7D-532C-4B68-B5D0-17873D49FB0D}"
EndProject
Project("{2150E333-8FDC-42A3-9474-1A3956D46DE8}") = ".items", ".items", "{8B71162C-C904-4C9B-A939-6B1A9DC3871F}"
	ProjectSection(SolutionItems) = preProject
		.editorconfig = .editorconfig
		.gitignore = .gitignore
		CHANGELOG.md = CHANGELOG.md
		README.md = README.md
	EndProjectSection
EndProject
Project("{2150E333-8FDC-42A3-9474-1A3956D46DE8}") = "src", "src", "{A50FFB42-310B-45BC-BDDF-ADE3B61D61EB}"
EndProject
Project("{2150E333-8FDC-42A3-9474-1A3956D46DE8}") = "eng", "eng", "{38B62017-85F2-4B38-B6CA-AF3FDB1B6A80}"
EndProject
Project("{9A19103F-16F7-4668-BE54-9A1E7A4F7556}") = "Htmxor", "src\Htmxor\Htmxor.csproj", "{8E83BAAD-08DC-4CAC-AFE7-5E82D5FCAF41}"
EndProject
Project("{9A19103F-16F7-4668-BE54-9A1E7A4F7556}") = "Htmxor.Quality", "eng\Htmxor.Quality\Htmxor.Quality.csproj", "{61E91019-AABC-453C-9546-F12F1A9A23BF}"
EndProject
Project("{9A19103F-16F7-4668-BE54-9A1E7A4F7556}") = "Htmxor.UpstreamMonitor", "eng\Htmxor.UpstreamMonitor\Htmxor.UpstreamMonitor.csproj", "{A6F36E9E-4C7E-4FD0-91F7-A12D36C9AA01}"
EndProject
Project("{2150E333-8FDC-42A3-9474-1A3956D46DE8}") = "test", "test", "{BB63193F-EEC0-4EE6-B89E-9B4E1983E2FF}"
EndProject
Project("{9A19103F-16F7-4668-BE54-9A1E7A4F7556}") = "Htmxor.Tests", "test\Htmxor.Tests\Htmxor.Tests.csproj", "{DBF3F19B-27E8-4971-BDCF-ECC021D55BFA}"
EndProject
Project("{9A19103F-16F7-4668-BE54-9A1E7A4F7556}") = "Htmxor.Quality.Tests", "test\Htmxor.Quality.Tests\Htmxor.Quality.Tests.csproj", "{A452AF23-9E90-47B5-9029-3A6293A2DD29}"
EndProject
Project("{9A19103F-16F7-4668-BE54-9A1E7A4F7556}") = "Htmxor.UpstreamMonitor.Tests", "test\Htmxor.UpstreamMonitor.Tests\Htmxor.UpstreamMonitor.Tests.csproj", "{B7F46FAF-5D8F-40E1-A208-B23E47DABB02}"
EndProject
Project("{9A19103F-16F7-4668-BE54-9A1E7A4F7556}") = "Htmxor.TestApp", "test\Htmxor.TestApp\Htmxor.TestApp.csproj", "{0347D883-0078-4F68-BA24-DA7E3004D31D}"
EndProject
Project("{9A19103F-16F7-4668-BE54-9A1E7A4F7556}") = "BlazingPizza", "samples\BlazingPizza\BlazingPizza.csproj", "{59324821-EF01-40F6-9674-81094C4229A7}"
EndProject
Project("{9A19103F-16F7-4668-BE54-9A1E7A4F7556}") = "MinimalHtmxorApp", "samples\MinimalHtmxorApp\MinimalHtmxorApp.csproj", "{3A90B20F-9E9B-454D-9EF9-72B10D4D1F54}"
EndProject
Project("{9A19103F-16F7-4668-BE54-9A1E7A4F7556}") = "HtmxorExamples", "samples\HtmxorExamples\HtmxorExamples.csproj", "{2B36AAB9-AD16-4D46-8FB5-D78EDC003F90}"
EndProject
Project("{9A19103F-16F7-4668-BE54-9A1E7A4F7556}") = "Htmxor.AspNetCore10.Tests", "test\Htmxor.AspNetCore10.Tests\Htmxor.AspNetCore10.Tests.csproj", "{29758C0F-8B99-4557-92A3-A34EF6A8C4CD}"
EndProject
Project("{9A19103F-16F7-4668-BE54-9A1E7A4F7556}") = "Htmxor.Generators", "src\Htmxor.Generators\Htmxor.Generators.csproj", "{8D7B2E17-B483-47B6-8C8C-6848A71E8C73}"
EndProject
Global
	GlobalSection(SolutionConfigurationPlatforms) = preSolution
		Debug|Any CPU = Debug|Any CPU
		Release|Any CPU = Release|Any CPU
	EndGlobalSection
	GlobalSection(ProjectConfigurationPlatforms) = postSolution
		{8E83BAAD-08DC-4CAC-AFE7-5E82D5FCAF41}.Debug|Any CPU.ActiveCfg = Debug|Any CPU
		{8E83BAAD-08DC-4CAC-AFE7-5E82D5FCAF41}.Debug|Any CPU.Build.0 = Debug|Any CPU
		{8E83BAAD-08DC-4CAC-AFE7-5E82D5FCAF41}.Release|Any CPU.ActiveCfg = Release|Any CPU
		{8E83BAAD-08DC-4CAC-AFE7-5E82D5FCAF41}.Release|Any CPU.Build.0 = Release|Any CPU
		{61E91019-AABC-453C-9546-F12F1A9A23BF}.Debug|Any CPU.ActiveCfg = Debug|Any CPU
		{61E91019-AABC-453C-9546-F12F1A9A23BF}.Debug|Any CPU.Build.0 = Debug|Any CPU
		{61E91019-AABC-453C-9546-F12F1A9A23BF}.Release|Any CPU.ActiveCfg = Release|Any CPU
		{61E91019-AABC-453C-9546-F12F1A9A23BF}.Release|Any CPU.Build.0 = Release|Any CPU
		{A6F36E9E-4C7E-4FD0-91F7-A12D36C9AA01}.Debug|Any CPU.ActiveCfg = Debug|Any CPU
		{A6F36E9E-4C7E-4FD0-91F7-A12D36C9AA01}.Debug|Any CPU.Build.0 = Debug|Any CPU
		{A6F36E9E-4C7E-4FD0-91F7-A12D36C9AA01}.Release|Any CPU.ActiveCfg = Release|Any CPU
		{A6F36E9E-4C7E-4FD0-91F7-A12D36C9AA01}.Release|Any CPU.Build.0 = Release|Any CPU
		{DBF3F19B-27E8-4971-BDCF-ECC021D55BFA}.Debug|Any CPU.ActiveCfg = Debug|Any CPU
		{DBF3F19B-27E8-4971-BDCF-ECC021D55BFA}.Debug|Any CPU.Build.0 = Debug|Any CPU
		{DBF3F19B-27E8-4971-BDCF-ECC021D55BFA}.Release|Any CPU.ActiveCfg = Release|Any CPU
		{DBF3F19B-27E8-4971-BDCF-ECC021D55BFA}.Release|Any CPU.Build.0 = Release|Any CPU
		{A452AF23-9E90-47B5-9029-3A6293A2DD29}.Debug|Any CPU.ActiveCfg = Debug|Any CPU
		{A452AF23-9E90-47B5-9029-3A6293A2DD29}.Debug|Any CPU.Build.0 = Debug|Any CPU
		{A452AF23-9E90-47B5-9029-3A6293A2DD29}.Release|Any CPU.ActiveCfg = Release|Any CPU
		{A452AF23-9E90-47B5-9029-3A6293A2DD29}.Release|Any CPU.Build.0 = Release|Any CPU
		{B7F46FAF-5D8F-40E1-A208-B23E47DABB02}.Debug|Any CPU.ActiveCfg = Debug|Any CPU
		{B7F46FAF-5D8F-40E1-A208-B23E47DABB02}.Debug|Any CPU.Build.0 = Debug|Any CPU
		{B7F46FAF-5D8F-40E1-A208-B23E47DABB02}.Release|Any CPU.ActiveCfg = Release|Any CPU
		{B7F46FAF-5D8F-40E1-A208-B23E47DABB02}.Release|Any CPU.Build.0 = Release|Any CPU
		{0347D883-0078-4F68-BA24-DA7E3004D31D}.Debug|Any CPU.ActiveCfg = Debug|Any CPU
		{0347D883-0078-4F68-BA24-DA7E3004D31D}.Debug|Any CPU.Build.0 = Debug|Any CPU
		{0347D883-0078-4F68-BA24-DA7E3004D31D}.Release|Any CPU.ActiveCfg = Release|Any CPU
		{0347D883-0078-4F68-BA24-DA7E3004D31D}.Release|Any CPU.Build.0 = Release|Any CPU
		{59324821-EF01-40F6-9674-81094C4229A7}.Debug|Any CPU.ActiveCfg = Debug|Any CPU
		{59324821-EF01-40F6-9674-81094C4229A7}.Debug|Any CPU.Build.0 = Debug|Any CPU
		{59324821-EF01-40F6-9674-81094C4229A7}.Release|Any CPU.ActiveCfg = Release|Any CPU
		{59324821-EF01-40F6-9674-81094C4229A7}.Release|Any CPU.Build.0 = Release|Any CPU
		{3A90B20F-9E9B-454D-9EF9-72B10D4D1F54}.Debug|Any CPU.ActiveCfg = Debug|Any CPU
		{3A90B20F-9E9B-454D-9EF9-72B10D4D1F54}.Debug|Any CPU.Build.0 = Debug|Any CPU
		{3A90B20F-9E9B-454D-9EF9-72B10D4D1F54}.Release|Any CPU.ActiveCfg = Release|Any CPU
		{3A90B20F-9E9B-454D-9EF9-72B10D4D1F54}.Release|Any CPU.Build.0 = Release|Any CPU
		{2B36AAB9-AD16-4D46-8FB5-D78EDC003F90}.Debug|Any CPU.ActiveCfg = Debug|Any CPU
		{2B36AAB9-AD16-4D46-8FB5-D78EDC003F90}.Debug|Any CPU.Build.0 = Debug|Any CPU
		{2B36AAB9-AD16-4D46-8FB5-D78EDC003F90}.Release|Any CPU.ActiveCfg = Release|Any CPU
		{2B36AAB9-AD16-4D46-8FB5-D78EDC003F90}.Release|Any CPU.Build.0 = Release|Any CPU
		{29758C0F-8B99-4557-92A3-A34EF6A8C4CD}.Debug|Any CPU.ActiveCfg = Debug|Any CPU
		{29758C0F-8B99-4557-92A3-A34EF6A8C4CD}.Debug|Any CPU.Build.0 = Debug|Any CPU
		{29758C0F-8B99-4557-92A3-A34EF6A8C4CD}.Release|Any CPU.ActiveCfg = Release|Any CPU
		{29758C0F-8B99-4557-92A3-A34EF6A8C4CD}.Release|Any CPU.Build.0 = Release|Any CPU
		{8D7B2E17-B483-47B6-8C8C-6848A71E8C73}.Debug|Any CPU.ActiveCfg = Debug|Any CPU
		{8D7B2E17-B483-47B6-8C8C-6848A71E8C73}.Debug|Any CPU.Build.0 = Debug|Any CPU
		{8D7B2E17-B483-47B6-8C8C-6848A71E8C73}.Release|Any CPU.ActiveCfg = Release|Any CPU
		{8D7B2E17-B483-47B6-8C8C-6848A71E8C73}.Release|Any CPU.Build.0 = Release|Any CPU
	EndGlobalSection
	GlobalSection(SolutionProperties) = preSolution
		HideSolutionNode = FALSE
	EndGlobalSection
	GlobalSection(NestedProjects) = preSolution
		{8E83BAAD-08DC-4CAC-AFE7-5E82D5FCAF41} = {A50FFB42-310B-45BC-BDDF-ADE3B61D61EB}
		{61E91019-AABC-453C-9546-F12F1A9A23BF} = {38B62017-85F2-4B38-B6CA-AF3FDB1B6A80}
		{A6F36E9E-4C7E-4FD0-91F7-A12D36C9AA01} = {38B62017-85F2-4B38-B6CA-AF3FDB1B6A80}
		{DBF3F19B-27E8-4971-BDCF-ECC021D55BFA} = {BB63193F-EEC0-4EE6-B89E-9B4E1983E2FF}
		{A452AF23-9E90-47B5-9029-3A6293A2DD29} = {BB63193F-EEC0-4EE6-B89E-9B4E1983E2FF}
		{B7F46FAF-5D8F-40E1-A208-B23E47DABB02} = {BB63193F-EEC0-4EE6-B89E-9B4E1983E2FF}
		{0347D883-0078-4F68-BA24-DA7E3004D31D} = {BB63193F-EEC0-4EE6-B89E-9B4E1983E2FF}
		{59324821-EF01-40F6-9674-81094C4229A7} = {8D4A2D7D-532C-4B68-B5D0-17873D49FB0D}
		{3A90B20F-9E9B-454D-9EF9-72B10D4D1F54} = {8D4A2D7D-532C-4B68-B5D0-17873D49FB0D}
		{2B36AAB9-AD16-4D46-8FB5-D78EDC003F90} = {8D4A2D7D-532C-4B68-B5D0-17873D49FB0D}
		{29758C0F-8B99-4557-92A3-A34EF6A8C4CD} = {BB63193F-EEC0-4EE6-B89E-9B4E1983E2FF}
		{8D7B2E17-B483-47B6-8C8C-6848A71E8C73} = {A50FFB42-310B-45BC-BDDF-ADE3B61D61EB}
	EndGlobalSection
	GlobalSection(ExtensibilityGlobals) = postSolution
		SolutionGuid = {430F7B4E-864E-44B7-84A0-A903E7386E3B}
	EndGlobalSection
EndGlobal
