
Microsoft Visual Studio Solution File, Format Version 12.00
# Visual Studio Version 17
VisualStudioVersion = 17.0.31903.59
MinimumVisualStudioVersion = 10.0.40219.1
Project("{2150E333-8FDC-42A3-9474-1A3956D46DE8}") = "samples", "samples", "{8D4A2D7D-532C-4B68-B5D0-17873D49FB0D}"
EndProject
Project("{9A19103F-16F7-4668-BE54-9A1E7A4F7556}") = "BlazorSSR", "samples\BlazorSSR\BlazorSSR.csproj", "{7058400A-CF52-44D4-8AB1-A5D3B1248E09}"
EndProject
Project("{2150E333-8FDC-42A3-9474-1A3956D46DE8}") = ".items", ".items", "{8B71162C-C904-4C9B-A939-6B1A9DC3871F}"
	ProjectSection(SolutionItems) = preProject
		.editorconfig = .editorconfig
		.gitignore = .gitignore
		CHANGELOG.md = CHANGELOG.md
		README.md = README.md
	EndProjectSection
EndProject
Project("{9A19103F-16F7-4668-BE54-9A1E7A4F7556}") = "HtmxBlazorSSR", "samples\HtmxBlazorSSR\HtmxBlazorSSR.csproj", "{AF1A487F-CE27-48EB-8390-04C5EC1F34F8}"
EndProject
Project("{2150E333-8FDC-42A3-9474-1A3956D46DE8}") = "src", "src", "{A50FFB42-310B-45BC-BDDF-ADE3B61D61EB}"
EndProject
Project("{9A19103F-16F7-4668-BE54-9A1E7A4F7556}") = "Htmxor", "src\Htmxor\Htmxor.csproj", "{8E83BAAD-08DC-4CAC-AFE7-5E82D5FCAF41}"
EndProject
Project("{2150E333-8FDC-42A3-9474-1A3956D46DE8}") = "test", "test", "{BB63193F-EEC0-4EE6-B89E-9B4E1983E2FF}"
EndProject
Project("{9A19103F-16F7-4668-BE54-9A1E7A4F7556}") = "Htmxor.Tests", "test\Htmxor.Tests\Htmxor.Tests.csproj", "{DBF3F19B-27E8-4971-BDCF-ECC021D55BFA}"
EndProject
Project("{9A19103F-16F7-4668-BE54-9A1E7A4F7556}") = "Htmxor.TestApp", "test\Htmxor.TestApp\Htmxor.TestApp.csproj", "{0347D883-0078-4F68-BA24-DA7E3004D31D}"
EndProject
Project("{9A19103F-16F7-4668-BE54-9A1E7A4F7556}") = "BlazingPizza", "samples\BlazingPizza\BlazingPizza.csproj", "{59324821-EF01-40F6-9674-81094C4229A7}"
EndProject
Project("{9A19103F-16F7-4668-BE54-9A1E7A4F7556}") = "MinimalHtmxorApp", "samples\MinimalHtmxorApp\MinimalHtmxorApp.csproj", "{3A90B20F-9E9B-454D-9EF9-72B10D4D1F54}"
EndProject
Global
	GlobalSection(SolutionConfigurationPlatforms) = preSolution
		Debug|Any CPU = Debug|Any CPU
		Release|Any CPU = Release|Any CPU
	EndGlobalSection
	GlobalSection(ProjectConfigurationPlatforms) = postSolution
		{7058400A-CF52-44D4-8AB1-A5D3B1248E09}.Debug|Any CPU.ActiveCfg = Debug|Any CPU
		{7058400A-CF52-44D4-8AB1-A5D3B1248E09}.Debug|Any CPU.Build.0 = Debug|Any CPU
		{7058400A-CF52-44D4-8AB1-A5D3B1248E09}.Release|Any CPU.ActiveCfg = Release|Any CPU
		{7058400A-CF52-44D4-8AB1-A5D3B1248E09}.Release|Any CPU.Build.0 = Release|Any CPU
		{AF1A487F-CE27-48EB-8390-04C5EC1F34F8}.Debug|Any CPU.ActiveCfg = Debug|Any CPU
		{AF1A487F-CE27-48EB-8390-04C5EC1F34F8}.Debug|Any CPU.Build.0 = Debug|Any CPU
		{AF1A487F-CE27-48EB-8390-04C5EC1F34F8}.Release|Any CPU.ActiveCfg = Release|Any CPU
		{AF1A487F-CE27-48EB-8390-04C5EC1F34F8}.Release|Any CPU.Build.0 = Release|Any CPU
		{8E83BAAD-08DC-4CAC-AFE7-5E82D5FCAF41}.Debug|Any CPU.ActiveCfg = Debug|Any CPU
		{8E83BAAD-08DC-4CAC-AFE7-5E82D5FCAF41}.Debug|Any CPU.Build.0 = Debug|Any CPU
		{8E83BAAD-08DC-4CAC-AFE7-5E82D5FCAF41}.Release|Any CPU.ActiveCfg = Release|Any CPU
		{8E83BAAD-08DC-4CAC-AFE7-5E82D5FCAF41}.Release|Any CPU.Build.0 = Release|Any CPU
		{DBF3F19B-27E8-4971-BDCF-ECC021D55BFA}.Debug|Any CPU.ActiveCfg = Debug|Any CPU
		{DBF3F19B-27E8-4971-BDCF-ECC021D55BFA}.Debug|Any CPU.Build.0 = Debug|Any CPU
		{DBF3F19B-27E8-4971-BDCF-ECC021D55BFA}.Release|Any CPU.ActiveCfg = Release|Any CPU
		{DBF3F19B-27E8-4971-BDCF-ECC021D55BFA}.Release|Any CPU.Build.0 = Release|Any CPU
		{0347D883-0078-4F68-BA24-DA7E3004D31D}.Debug|Any CPU.ActiveCfg = Debug|Any CPU
		{0347D883-0078-4F68-BA24-DA7E3004D31D}.Debug|Any CPU.Build.0 = Debug|Any CPU
		{0347D883-0078-4F68-BA24-DA7E3004D31D}.Release|Any CPU.ActiveCfg = Release|Any CPU
		{0347D883-0078-4F68-BA24-DA7E3004D31D}.Release|Any CPU.Build.0 = Release|Any CPU
		{59324821-EF01-40F6-9674-81094C4229A7}.Debug|Any CPU.ActiveCfg = Debug|Any CPU
		{59324821-EF01-40F6-9674-81094C4229A7}.Debug|Any CPU.Build.0 = Debug|Any CPU
		{59324821-EF01-40F6-9674-81094C4229A7}.Release|Any CPU.ActiveCfg = Release|Any CPU
		{59324821-EF01-40F6-9674-81094C4229A7}.Release|Any CPU.Build.0 = Release|Any CPU
		{3A90B20F-9E9B-454D-9EF9-72B10D4D1F54}.Debug|Any CPU.ActiveCfg = Debug|Any CPU
		{3A90B20F-9E9B-454D-9EF9-72B10D4D1F54}.Debug|Any CPU.Build.0 = Debug|Any CPU
		{3A90B20F-9E9B-454D-9EF9-72B10D4D1F54}.Release|Any CPU.ActiveCfg = Release|Any CPU
		{3A90B20F-9E9B-454D-9EF9-72B10D4D1F54}.Release|Any CPU.Build.0 = Release|Any CPU
	EndGlobalSection
	GlobalSection(SolutionProperties) = preSolution
		HideSolutionNode = FALSE
	EndGlobalSection
	GlobalSection(NestedProjects) = preSolution
		{7058400A-CF52-44D4-8AB1-A5D3B1248E09} = {8D4A2D7D-532C-4B68-B5D0-17873D49FB0D}
		{AF1A487F-CE27-48EB-8390-04C5EC1F34F8} = {8D4A2D7D-532C-4B68-B5D0-17873D49FB0D}
		{8E83BAAD-08DC-4CAC-AFE7-5E82D5FCAF41} = {A50FFB42-310B-45BC-BDDF-ADE3B61D61EB}
		{DBF3F19B-27E8-4971-BDCF-ECC021D55BFA} = {BB63193F-EEC0-4EE6-B89E-9B4E1983E2FF}
		{0347D883-0078-4F68-BA24-DA7E3004D31D} = {BB63193F-EEC0-4EE6-B89E-9B4E1983E2FF}
		{59324821-EF01-40F6-9674-81094C4229A7} = {8D4A2D7D-532C-4B68-B5D0-17873D49FB0D}
		{3A90B20F-9E9B-454D-9EF9-72B10D4D1F54} = {8D4A2D7D-532C-4B68-B5D0-17873D49FB0D}
	EndGlobalSection
	GlobalSection(ExtensibilityGlobals) = postSolution
		SolutionGuid = {430F7B4E-864E-44B7-84A0-A903E7386E3B}
	EndGlobalSection
EndGlobal
